{
  "object": {
    "pins": [
      {
        "package": "ControlledChaos",
        "repositoryURL": "https://github.com/btfranklin/ControlledChaos",
        "state": {
          "branch": null,
          "revision": "c69a935f81e4a523bb2ccc9b153849f00a5e2e12",
          "version": "1.3.2"
        }
      }
    ]
  },
  "version": 1
}
