{
  "object": {
    "pins": [
      {
        "package": "Dunesailer Utilities",
        "repositoryURL": "https://github.com/dunesailer/Utilities.git",
        "state": {
          "branch": null,
          "revision": "36c70879f11cd994a3dedd3110782b62068bb72f",
          "version": "0.6.1"
        }
      }
    ]
  },
  "version": 1
}
