{
  "object": {
    "pins": [
      {
        "package": "Dunesailer Utilities",
        "repositoryURL": "https://github.com/dunesailer/Utilities.git",
        "state": {
          "branch": null,
          "revision": "7fcac9db318396dd95619402b39b5893f7250dd0",
          "version": "0.4.1"
        }
      }
    ]
  },
  "version": 1
}
